
Microsoft Visual Studio Solution File, Format Version 12.00
# Visual Studio Version 17
VisualStudioVersion = 17.11.35303.130
MinimumVisualStudioVersion = 10.0.40219.1
Project("{8BC9CEB8-8B4A-11D0-8D11-00A0C91BC942}") = "Doubly Linked List Operations - Find Node", "Doubly Linked List Operations - Find Node.vcxproj", "{976CC161-C288-4C79-A3AF-8602142ADA45}"
EndProject
Global
	GlobalSection(SolutionConfigurationPlatforms) = preSolution
		Debug|x64 = Debug|x64
		Debug|x86 = Debug|x86
		Release|x64 = Release|x64
		Release|x86 = Release|x86
	EndGlobalSection
	GlobalSection(ProjectConfigurationPlatforms) = postSolution
		{976CC161-C288-4C79-A3AF-8602142ADA45}.Debug|x64.ActiveCfg = Debug|x64
		{976CC161-C288-4C79-A3AF-8602142ADA45}.Debug|x64.Build.0 = Debug|x64
		{976CC161-C288-4C79-A3AF-8602142ADA45}.Debug|x86.ActiveCfg = Debug|Win32
		{976CC161-C288-4C79-A3AF-8602142ADA45}.Debug|x86.Build.0 = Debug|Win32
		{976CC161-C288-4C79-A3AF-8602142ADA45}.Release|x64.ActiveCfg = Release|x64
		{976CC161-C288-4C79-A3AF-8602142ADA45}.Release|x64.Build.0 = Release|x64
		{976CC161-C288-4C79-A3AF-8602142ADA45}.Release|x86.ActiveCfg = Release|Win32
		{976CC161-C288-4C79-A3AF-8602142ADA45}.Release|x86.Build.0 = Release|Win32
	EndGlobalSection
	GlobalSection(SolutionProperties) = preSolution
		HideSolutionNode = FALSE
	EndGlobalSection
	GlobalSection(ExtensibilityGlobals) = postSolution
		SolutionGuid = {193BA357-C92B-4F27-9392-83817EBBE56E}
	EndGlobalSection
EndGlobal
