
Microsoft Visual Studio Solution File, Format Version 12.00
# Visual Studio Version 17
VisualStudioVersion = 17.11.35303.130
MinimumVisualStudioVersion = 10.0.40219.1
Project("{8BC9CEB8-8B4A-11D0-8D11-00A0C91BC942}") = "Operations - Delete Node", "Operations - Delete Node.vcxproj", "{134A3709-2F9E-4B9E-9231-664EBD61818C}"
EndProject
Global
	GlobalSection(SolutionConfigurationPlatforms) = preSolution
		Debug|x64 = Debug|x64
		Debug|x86 = Debug|x86
		Release|x64 = Release|x64
		Release|x86 = Release|x86
	EndGlobalSection
	GlobalSection(ProjectConfigurationPlatforms) = postSolution
		{134A3709-2F9E-4B9E-9231-664EBD61818C}.Debug|x64.ActiveCfg = Debug|x64
		{134A3709-2F9E-4B9E-9231-664EBD61818C}.Debug|x64.Build.0 = Debug|x64
		{134A3709-2F9E-4B9E-9231-664EBD61818C}.Debug|x86.ActiveCfg = Debug|Win32
		{134A3709-2F9E-4B9E-9231-664EBD61818C}.Debug|x86.Build.0 = Debug|Win32
		{134A3709-2F9E-4B9E-9231-664EBD61818C}.Release|x64.ActiveCfg = Release|x64
		{134A3709-2F9E-4B9E-9231-664EBD61818C}.Release|x64.Build.0 = Release|x64
		{134A3709-2F9E-4B9E-9231-664EBD61818C}.Release|x86.ActiveCfg = Release|Win32
		{134A3709-2F9E-4B9E-9231-664EBD61818C}.Release|x86.Build.0 = Release|Win32
	EndGlobalSection
	GlobalSection(SolutionProperties) = preSolution
		HideSolutionNode = FALSE
	EndGlobalSection
	GlobalSection(ExtensibilityGlobals) = postSolution
		SolutionGuid = {A14C9F0B-0D12-4556-831F-298C163C4993}
	EndGlobalSection
EndGlobal
